
Microsoft Visual Studio Solution File, Format Version 12.00
# Visual Studio Version 17
VisualStudioVersion = 17.14.36930.0
MinimumVisualStudioVersion = 10.0.40219.1
Project("{8BC9CEB8-8B4A-11D0-8D11-00A0C91BC942}") = "ExecutableProject", "projects\ExecutableProject\ChavalesEngine.vcxproj", "{1A992CB8-3F93-493F-855B-0C6E431D3D96}"
	ProjectSection(ProjectDependencies) = postProject
		{1661C4B3-9E75-499C-BE3B-A3CB23E70F4E} = {1661C4B3-9E75-499C-BE3B-A3CB23E70F4E}
		{19C229D6-650D-4440-8B69-512B9458618E} = {19C229D6-650D-4440-8B69-512B9458618E}
	EndProjectSection
EndProject
Project("{8BC9CEB8-8B4A-11D0-8D11-00A0C91BC942}") = "RenderModule", "projects\RenderModule\RenderModule.vcxproj", "{11FAA6EE-0C54-44CF-BEA5-824CE5179B93}"
	ProjectSection(ProjectDependencies) = postProject
		{0EB183EE-3578-4ADA-9962-55E9B7457F17} = {0EB183EE-3578-4ADA-9962-55E9B7457F17}
		{5B01A994-A157-4713-B7D6-62268883E636} = {5B01A994-A157-4713-B7D6-62268883E636}
	EndProjectSection
EndProject
Project("{8BC9CEB8-8B4A-11D0-8D11-00A0C91BC942}") = "PlatformModule", "projects\PlatformModule\PlatformModule.vcxproj", "{C112B31D-E157-48ED-A97F-BD18EF719A0D}"
	ProjectSection(ProjectDependencies) = postProject
		{0EB183EE-3578-4ADA-9962-55E9B7457F17} = {0EB183EE-3578-4ADA-9962-55E9B7457F17}
		{5B01A994-A157-4713-B7D6-62268883E636} = {5B01A994-A157-4713-B7D6-62268883E636}
	EndProjectSection
EndProject
Project("{8BC9CEB8-8B4A-11D0-8D11-00A0C91BC942}") = "PhysicsModule", "projects\PhysicsModule\PhysicsModule.vcxproj", "{D7BF9084-273E-4DC4-9243-904853677057}"
	ProjectSection(ProjectDependencies) = postProject
		{0EB183EE-3578-4ADA-9962-55E9B7457F17} = {0EB183EE-3578-4ADA-9962-55E9B7457F17}
		{5B01A994-A157-4713-B7D6-62268883E636} = {5B01A994-A157-4713-B7D6-62268883E636}
	EndProjectSection
EndProject
Project("{8BC9CEB8-8B4A-11D0-8D11-00A0C91BC942}") = "ResourcesModule", "projects\ResourcesModule\ResourcesModule.vcxproj", "{6A72929A-B2DB-425D-B679-FBE3B0255CD5}"
	ProjectSection(ProjectDependencies) = postProject
		{0EB183EE-3578-4ADA-9962-55E9B7457F17} = {0EB183EE-3578-4ADA-9962-55E9B7457F17}
		{5B01A994-A157-4713-B7D6-62268883E636} = {5B01A994-A157-4713-B7D6-62268883E636}
	EndProjectSection
EndProject
Project("{8BC9CEB8-8B4A-11D0-8D11-00A0C91BC942}") = "AudioModule", "projects\AudioModule\AudioModule.vcxproj", "{0F00E9ED-47E0-430B-8260-175E8ED22F2E}"
	ProjectSection(ProjectDependencies) = postProject
		{0EB183EE-3578-4ADA-9962-55E9B7457F17} = {0EB183EE-3578-4ADA-9962-55E9B7457F17}
		{5B01A994-A157-4713-B7D6-62268883E636} = {5B01A994-A157-4713-B7D6-62268883E636}
	EndProjectSection
EndProject
Project("{2150E333-8FDC-42A3-9474-1A3956D46DE8}") = "Modules", "Modules", "{02EA681E-C7D8-13C7-8484-4AC65E1B71E8}"
EndProject
Project("{8BC9CEB8-8B4A-11D0-8D11-00A0C91BC942}") = "Engine", "projects\Engine\Engine.vcxproj", "{19C229D6-650D-4440-8B69-512B9458618E}"
	ProjectSection(ProjectDependencies) = postProject
		{0EB183EE-3578-4ADA-9962-55E9B7457F17} = {0EB183EE-3578-4ADA-9962-55E9B7457F17}
		{0F00E9ED-47E0-430B-8260-175E8ED22F2E} = {0F00E9ED-47E0-430B-8260-175E8ED22F2E}
		{11FAA6EE-0C54-44CF-BEA5-824CE5179B93} = {11FAA6EE-0C54-44CF-BEA5-824CE5179B93}
		{5B01A994-A157-4713-B7D6-62268883E636} = {5B01A994-A157-4713-B7D6-62268883E636}
		{6A72929A-B2DB-425D-B679-FBE3B0255CD5} = {6A72929A-B2DB-425D-B679-FBE3B0255CD5}
		{C112B31D-E157-48ED-A97F-BD18EF719A0D} = {C112B31D-E157-48ED-A97F-BD18EF719A0D}
		{D7BF9084-273E-4DC4-9243-904853677057} = {D7BF9084-273E-4DC4-9243-904853677057}
	EndProjectSection
EndProject
Project("{2150E333-8FDC-42A3-9474-1A3956D46DE8}") = "Tests", "Tests", "{3C4D35D5-52B0-440C-AA4C-DA6110C2B55C}"
EndProject
Project("{8BC9CEB8-8B4A-11D0-8D11-00A0C91BC942}") = "TestDLLLoader", "projects\Tests\DLLLoader-Test\TestDLLLoader\TestDLLLoader.vcxproj", "{5886497C-9B02-4B4E-A3D6-256478F4B036}"
	ProjectSection(ProjectDependencies) = postProject
		{0EB183EE-3578-4ADA-9962-55E9B7457F17} = {0EB183EE-3578-4ADA-9962-55E9B7457F17}
		{19C229D6-650D-4440-8B69-512B9458618E} = {19C229D6-650D-4440-8B69-512B9458618E}
		{5B01A994-A157-4713-B7D6-62268883E636} = {5B01A994-A157-4713-B7D6-62268883E636}
		{ADF20A9A-EDA7-4751-9E86-B9A58D3FC875} = {ADF20A9A-EDA7-4751-9E86-B9A58D3FC875}
	EndProjectSection
EndProject
Project("{2150E333-8FDC-42A3-9474-1A3956D46DE8}") = "DLLLoader-Test", "DLLLoader-Test", "{6D058C1E-8E6A-4DA2-B12B-8FBE94D7C9CA}"
EndProject
Project("{8BC9CEB8-8B4A-11D0-8D11-00A0C91BC942}") = "DLL-Test", "projects\Tests\DLLLoader-Test\DLL-Test\DLL-Test.vcxproj", "{ADF20A9A-EDA7-4751-9E86-B9A58D3FC875}"
	ProjectSection(ProjectDependencies) = postProject
		{0EB183EE-3578-4ADA-9962-55E9B7457F17} = {0EB183EE-3578-4ADA-9962-55E9B7457F17}
		{1661C4B3-9E75-499C-BE3B-A3CB23E70F4E} = {1661C4B3-9E75-499C-BE3B-A3CB23E70F4E}
		{19C229D6-650D-4440-8B69-512B9458618E} = {19C229D6-650D-4440-8B69-512B9458618E}
		{5B01A994-A157-4713-B7D6-62268883E636} = {5B01A994-A157-4713-B7D6-62268883E636}
	EndProjectSection
EndProject
Project("{8BC9CEB8-8B4A-11D0-8D11-00A0C91BC942}") = "ComponentsProject", "projects\ComponentsProject\ComponentsProject.vcxproj", "{1661C4B3-9E75-499C-BE3B-A3CB23E70F4E}"
	ProjectSection(ProjectDependencies) = postProject
		{0EB183EE-3578-4ADA-9962-55E9B7457F17} = {0EB183EE-3578-4ADA-9962-55E9B7457F17}
		{19C229D6-650D-4440-8B69-512B9458618E} = {19C229D6-650D-4440-8B69-512B9458618E}
		{5B01A994-A157-4713-B7D6-62268883E636} = {5B01A994-A157-4713-B7D6-62268883E636}
	EndProjectSection
EndProject
Project("{8BC9CEB8-8B4A-11D0-8D11-00A0C91BC942}") = "Files-test", "projects\Tests\Files-test\Files-test.vcxproj", "{8DEB188B-A7C9-4546-912E-980350C959A8}"
	ProjectSection(ProjectDependencies) = postProject
		{0EB183EE-3578-4ADA-9962-55E9B7457F17} = {0EB183EE-3578-4ADA-9962-55E9B7457F17}
		{1661C4B3-9E75-499C-BE3B-A3CB23E70F4E} = {1661C4B3-9E75-499C-BE3B-A3CB23E70F4E}
		{19C229D6-650D-4440-8B69-512B9458618E} = {19C229D6-650D-4440-8B69-512B9458618E}
		{5B01A994-A157-4713-B7D6-62268883E636} = {5B01A994-A157-4713-B7D6-62268883E636}
	EndProjectSection
EndProject
Project("{2150E333-8FDC-42A3-9474-1A3956D46DE8}") = "GameLoader-Test", "GameLoader-Test", "{FDF2A661-ED89-4AA4-AEEE-B4D050248C1F}"
EndProject
Project("{8BC9CEB8-8B4A-11D0-8D11-00A0C91BC942}") = "Core-Defs", "projects\Core-Defs\Core-Defs.vcxproj", "{0EB183EE-3578-4ADA-9962-55E9B7457F17}"
EndProject
Project("{8BC9CEB8-8B4A-11D0-8D11-00A0C91BC942}") = "Core-Utils", "projects\Core-Utils\Core-Utils.vcxproj", "{5B01A994-A157-4713-B7D6-62268883E636}"
	ProjectSection(ProjectDependencies) = postProject
		{0EB183EE-3578-4ADA-9962-55E9B7457F17} = {0EB183EE-3578-4ADA-9962-55E9B7457F17}
	EndProjectSection
EndProject
Project("{8BC9CEB8-8B4A-11D0-8D11-00A0C91BC942}") = "ChavalesEditor", "projects\ChavalesEditor\ChavalesEditor.vcxproj", "{DA33A6F4-EA38-4C59-BABB-97AA743F9A7F}"
	ProjectSection(ProjectDependencies) = postProject
		{0EB183EE-3578-4ADA-9962-55E9B7457F17} = {0EB183EE-3578-4ADA-9962-55E9B7457F17}
		{19C229D6-650D-4440-8B69-512B9458618E} = {19C229D6-650D-4440-8B69-512B9458618E}
		{1A992CB8-3F93-493F-855B-0C6E431D3D96} = {1A992CB8-3F93-493F-855B-0C6E431D3D96}
		{5B01A994-A157-4713-B7D6-62268883E636} = {5B01A994-A157-4713-B7D6-62268883E636}
	EndProjectSection
EndProject
Project("{2150E333-8FDC-42A3-9474-1A3956D46DE8}") = "Input - Test", "Input - Test", "{548D10B9-1158-41AC-A716-DE25123CB9A6}"
EndProject
Project("{8BC9CEB8-8B4A-11D0-8D11-00A0C91BC942}") = "InputTest", "projects\Tests\InputTest\InputTest.vcxproj", "{6E0141FA-EC11-4691-A856-4C23D86C46F0}"
	ProjectSection(ProjectDependencies) = postProject
		{0EB183EE-3578-4ADA-9962-55E9B7457F17} = {0EB183EE-3578-4ADA-9962-55E9B7457F17}
		{19C229D6-650D-4440-8B69-512B9458618E} = {19C229D6-650D-4440-8B69-512B9458618E}
		{5B01A994-A157-4713-B7D6-62268883E636} = {5B01A994-A157-4713-B7D6-62268883E636}
	EndProjectSection
EndProject
Global
	GlobalSection(SolutionConfigurationPlatforms) = preSolution
		Debug|x64 = Debug|x64
		Debug|x86 = Debug|x86
		DLLLoader-Test|x64 = DLLLoader-Test|x64
		DLLLoader-Test|x86 = DLLLoader-Test|x86
		Files-Test|x64 = Files-Test|x64
		Files-Test|x86 = Files-Test|x86
		Input-Test|x64 = Input-Test|x64
		Input-Test|x86 = Input-Test|x86
		Release|x64 = Release|x64
		Release|x86 = Release|x86
	EndGlobalSection
	GlobalSection(ProjectConfigurationPlatforms) = postSolution
		{1A992CB8-3F93-493F-855B-0C6E431D3D96}.Debug|x64.ActiveCfg = Debug|x64
		{1A992CB8-3F93-493F-855B-0C6E431D3D96}.Debug|x64.Build.0 = Debug|x64
		{1A992CB8-3F93-493F-855B-0C6E431D3D96}.Debug|x86.ActiveCfg = Debug|x64
		{1A992CB8-3F93-493F-855B-0C6E431D3D96}.Debug|x86.Build.0 = Debug|x64
		{1A992CB8-3F93-493F-855B-0C6E431D3D96}.DLLLoader-Test|x64.ActiveCfg = Debug|x64
		{1A992CB8-3F93-493F-855B-0C6E431D3D96}.DLLLoader-Test|x86.ActiveCfg = Debug|x64
		{1A992CB8-3F93-493F-855B-0C6E431D3D96}.DLLLoader-Test|x86.Build.0 = Debug|x64
		{1A992CB8-3F93-493F-855B-0C6E431D3D96}.Files-Test|x64.ActiveCfg = Debug|x64
		{1A992CB8-3F93-493F-855B-0C6E431D3D96}.Files-Test|x86.ActiveCfg = Release|x64
		{1A992CB8-3F93-493F-855B-0C6E431D3D96}.Files-Test|x86.Build.0 = Release|x64
		{1A992CB8-3F93-493F-855B-0C6E431D3D96}.Input-Test|x64.ActiveCfg = Debug|x64
		{1A992CB8-3F93-493F-855B-0C6E431D3D96}.Input-Test|x64.Build.0 = Debug|x64
		{1A992CB8-3F93-493F-855B-0C6E431D3D96}.Input-Test|x86.ActiveCfg = Release|x64
		{1A992CB8-3F93-493F-855B-0C6E431D3D96}.Release|x64.ActiveCfg = Release|x64
		{1A992CB8-3F93-493F-855B-0C6E431D3D96}.Release|x64.Build.0 = Release|x64
		{1A992CB8-3F93-493F-855B-0C6E431D3D96}.Release|x86.ActiveCfg = Release|x64
		{1A992CB8-3F93-493F-855B-0C6E431D3D96}.Release|x86.Build.0 = Release|x64
		{11FAA6EE-0C54-44CF-BEA5-824CE5179B93}.Debug|x64.ActiveCfg = Debug|x64
		{11FAA6EE-0C54-44CF-BEA5-824CE5179B93}.Debug|x64.Build.0 = Debug|x64
		{11FAA6EE-0C54-44CF-BEA5-824CE5179B93}.Debug|x86.ActiveCfg = Debug|x64
		{11FAA6EE-0C54-44CF-BEA5-824CE5179B93}.Debug|x86.Build.0 = Debug|x64
		{11FAA6EE-0C54-44CF-BEA5-824CE5179B93}.DLLLoader-Test|x64.ActiveCfg = Debug|x64
		{11FAA6EE-0C54-44CF-BEA5-824CE5179B93}.DLLLoader-Test|x64.Build.0 = Debug|x64
		{11FAA6EE-0C54-44CF-BEA5-824CE5179B93}.DLLLoader-Test|x86.ActiveCfg = Debug|x64
		{11FAA6EE-0C54-44CF-BEA5-824CE5179B93}.DLLLoader-Test|x86.Build.0 = Debug|x64
		{11FAA6EE-0C54-44CF-BEA5-824CE5179B93}.Files-Test|x64.ActiveCfg = Debug|x64
		{11FAA6EE-0C54-44CF-BEA5-824CE5179B93}.Files-Test|x64.Build.0 = Debug|x64
		{11FAA6EE-0C54-44CF-BEA5-824CE5179B93}.Files-Test|x86.ActiveCfg = Release|x64
		{11FAA6EE-0C54-44CF-BEA5-824CE5179B93}.Files-Test|x86.Build.0 = Release|x64
		{11FAA6EE-0C54-44CF-BEA5-824CE5179B93}.Input-Test|x64.ActiveCfg = Debug|x64
		{11FAA6EE-0C54-44CF-BEA5-824CE5179B93}.Input-Test|x64.Build.0 = Debug|x64
		{11FAA6EE-0C54-44CF-BEA5-824CE5179B93}.Input-Test|x86.ActiveCfg = Release|x64
		{11FAA6EE-0C54-44CF-BEA5-824CE5179B93}.Release|x64.ActiveCfg = Release|x64
		{11FAA6EE-0C54-44CF-BEA5-824CE5179B93}.Release|x64.Build.0 = Release|x64
		{11FAA6EE-0C54-44CF-BEA5-824CE5179B93}.Release|x86.ActiveCfg = Release|x64
		{11FAA6EE-0C54-44CF-BEA5-824CE5179B93}.Release|x86.Build.0 = Release|x64
		{C112B31D-E157-48ED-A97F-BD18EF719A0D}.Debug|x64.ActiveCfg = Debug|x64
		{C112B31D-E157-48ED-A97F-BD18EF719A0D}.Debug|x64.Build.0 = Debug|x64
		{C112B31D-E157-48ED-A97F-BD18EF719A0D}.Debug|x86.ActiveCfg = Debug|x64
		{C112B31D-E157-48ED-A97F-BD18EF719A0D}.Debug|x86.Build.0 = Debug|x64
		{C112B31D-E157-48ED-A97F-BD18EF719A0D}.DLLLoader-Test|x64.ActiveCfg = Debug|x64
		{C112B31D-E157-48ED-A97F-BD18EF719A0D}.DLLLoader-Test|x64.Build.0 = Debug|x64
		{C112B31D-E157-48ED-A97F-BD18EF719A0D}.DLLLoader-Test|x86.ActiveCfg = Debug|x64
		{C112B31D-E157-48ED-A97F-BD18EF719A0D}.DLLLoader-Test|x86.Build.0 = Debug|x64
		{C112B31D-E157-48ED-A97F-BD18EF719A0D}.Files-Test|x64.ActiveCfg = Debug|x64
		{C112B31D-E157-48ED-A97F-BD18EF719A0D}.Files-Test|x64.Build.0 = Debug|x64
		{C112B31D-E157-48ED-A97F-BD18EF719A0D}.Files-Test|x86.ActiveCfg = Release|x64
		{C112B31D-E157-48ED-A97F-BD18EF719A0D}.Files-Test|x86.Build.0 = Release|x64
		{C112B31D-E157-48ED-A97F-BD18EF719A0D}.Input-Test|x64.ActiveCfg = Debug|x64
		{C112B31D-E157-48ED-A97F-BD18EF719A0D}.Input-Test|x64.Build.0 = Debug|x64
		{C112B31D-E157-48ED-A97F-BD18EF719A0D}.Input-Test|x86.ActiveCfg = Release|x64
		{C112B31D-E157-48ED-A97F-BD18EF719A0D}.Release|x64.ActiveCfg = Release|x64
		{C112B31D-E157-48ED-A97F-BD18EF719A0D}.Release|x64.Build.0 = Release|x64
		{C112B31D-E157-48ED-A97F-BD18EF719A0D}.Release|x86.ActiveCfg = Release|x64
		{C112B31D-E157-48ED-A97F-BD18EF719A0D}.Release|x86.Build.0 = Release|x64
		{D7BF9084-273E-4DC4-9243-904853677057}.Debug|x64.ActiveCfg = Debug|x64
		{D7BF9084-273E-4DC4-9243-904853677057}.Debug|x64.Build.0 = Debug|x64
		{D7BF9084-273E-4DC4-9243-904853677057}.Debug|x86.ActiveCfg = Debug|x64
		{D7BF9084-273E-4DC4-9243-904853677057}.Debug|x86.Build.0 = Debug|x64
		{D7BF9084-273E-4DC4-9243-904853677057}.DLLLoader-Test|x64.ActiveCfg = Debug|x64
		{D7BF9084-273E-4DC4-9243-904853677057}.DLLLoader-Test|x64.Build.0 = Debug|x64
		{D7BF9084-273E-4DC4-9243-904853677057}.DLLLoader-Test|x86.ActiveCfg = Debug|x64
		{D7BF9084-273E-4DC4-9243-904853677057}.DLLLoader-Test|x86.Build.0 = Debug|x64
		{D7BF9084-273E-4DC4-9243-904853677057}.Files-Test|x64.ActiveCfg = Debug|x64
		{D7BF9084-273E-4DC4-9243-904853677057}.Files-Test|x64.Build.0 = Debug|x64
		{D7BF9084-273E-4DC4-9243-904853677057}.Files-Test|x86.ActiveCfg = Release|x64
		{D7BF9084-273E-4DC4-9243-904853677057}.Files-Test|x86.Build.0 = Release|x64
		{D7BF9084-273E-4DC4-9243-904853677057}.Input-Test|x64.ActiveCfg = Debug|x64
		{D7BF9084-273E-4DC4-9243-904853677057}.Input-Test|x64.Build.0 = Debug|x64
		{D7BF9084-273E-4DC4-9243-904853677057}.Input-Test|x86.ActiveCfg = Release|x64
		{D7BF9084-273E-4DC4-9243-904853677057}.Release|x64.ActiveCfg = Release|x64
		{D7BF9084-273E-4DC4-9243-904853677057}.Release|x64.Build.0 = Release|x64
		{D7BF9084-273E-4DC4-9243-904853677057}.Release|x86.ActiveCfg = Release|x64
		{D7BF9084-273E-4DC4-9243-904853677057}.Release|x86.Build.0 = Release|x64
		{6A72929A-B2DB-425D-B679-FBE3B0255CD5}.Debug|x64.ActiveCfg = Debug|x64
		{6A72929A-B2DB-425D-B679-FBE3B0255CD5}.Debug|x64.Build.0 = Debug|x64
		{6A72929A-B2DB-425D-B679-FBE3B0255CD5}.Debug|x86.ActiveCfg = Debug|x64
		{6A72929A-B2DB-425D-B679-FBE3B0255CD5}.Debug|x86.Build.0 = Debug|x64
		{6A72929A-B2DB-425D-B679-FBE3B0255CD5}.DLLLoader-Test|x64.ActiveCfg = Debug|x64
		{6A72929A-B2DB-425D-B679-FBE3B0255CD5}.DLLLoader-Test|x64.Build.0 = Debug|x64
		{6A72929A-B2DB-425D-B679-FBE3B0255CD5}.DLLLoader-Test|x86.ActiveCfg = Debug|x64
		{6A72929A-B2DB-425D-B679-FBE3B0255CD5}.DLLLoader-Test|x86.Build.0 = Debug|x64
		{6A72929A-B2DB-425D-B679-FBE3B0255CD5}.Files-Test|x64.ActiveCfg = Debug|x64
		{6A72929A-B2DB-425D-B679-FBE3B0255CD5}.Files-Test|x64.Build.0 = Debug|x64
		{6A72929A-B2DB-425D-B679-FBE3B0255CD5}.Files-Test|x86.ActiveCfg = Release|x64
		{6A72929A-B2DB-425D-B679-FBE3B0255CD5}.Files-Test|x86.Build.0 = Release|x64
		{6A72929A-B2DB-425D-B679-FBE3B0255CD5}.Input-Test|x64.ActiveCfg = Debug|x64
		{6A72929A-B2DB-425D-B679-FBE3B0255CD5}.Input-Test|x64.Build.0 = Debug|x64
		{6A72929A-B2DB-425D-B679-FBE3B0255CD5}.Input-Test|x86.ActiveCfg = Release|x64
		{6A72929A-B2DB-425D-B679-FBE3B0255CD5}.Release|x64.ActiveCfg = Release|x64
		{6A72929A-B2DB-425D-B679-FBE3B0255CD5}.Release|x64.Build.0 = Release|x64
		{6A72929A-B2DB-425D-B679-FBE3B0255CD5}.Release|x86.ActiveCfg = Release|x64
		{6A72929A-B2DB-425D-B679-FBE3B0255CD5}.Release|x86.Build.0 = Release|x64
		{0F00E9ED-47E0-430B-8260-175E8ED22F2E}.Debug|x64.ActiveCfg = Debug|x64
		{0F00E9ED-47E0-430B-8260-175E8ED22F2E}.Debug|x64.Build.0 = Debug|x64
		{0F00E9ED-47E0-430B-8260-175E8ED22F2E}.Debug|x86.ActiveCfg = Debug|x64
		{0F00E9ED-47E0-430B-8260-175E8ED22F2E}.Debug|x86.Build.0 = Debug|x64
		{0F00E9ED-47E0-430B-8260-175E8ED22F2E}.DLLLoader-Test|x64.ActiveCfg = Debug|x64
		{0F00E9ED-47E0-430B-8260-175E8ED22F2E}.DLLLoader-Test|x64.Build.0 = Debug|x64
		{0F00E9ED-47E0-430B-8260-175E8ED22F2E}.DLLLoader-Test|x86.ActiveCfg = Debug|x64
		{0F00E9ED-47E0-430B-8260-175E8ED22F2E}.DLLLoader-Test|x86.Build.0 = Debug|x64
		{0F00E9ED-47E0-430B-8260-175E8ED22F2E}.Files-Test|x64.ActiveCfg = Debug|x64
		{0F00E9ED-47E0-430B-8260-175E8ED22F2E}.Files-Test|x64.Build.0 = Debug|x64
		{0F00E9ED-47E0-430B-8260-175E8ED22F2E}.Files-Test|x86.ActiveCfg = Release|x64
		{0F00E9ED-47E0-430B-8260-175E8ED22F2E}.Files-Test|x86.Build.0 = Release|x64
		{0F00E9ED-47E0-430B-8260-175E8ED22F2E}.Input-Test|x64.ActiveCfg = Debug|x64
		{0F00E9ED-47E0-430B-8260-175E8ED22F2E}.Input-Test|x64.Build.0 = Debug|x64
		{0F00E9ED-47E0-430B-8260-175E8ED22F2E}.Input-Test|x86.ActiveCfg = Release|x64
		{0F00E9ED-47E0-430B-8260-175E8ED22F2E}.Release|x64.ActiveCfg = Release|x64
		{0F00E9ED-47E0-430B-8260-175E8ED22F2E}.Release|x64.Build.0 = Release|x64
		{0F00E9ED-47E0-430B-8260-175E8ED22F2E}.Release|x86.ActiveCfg = Release|x64
		{0F00E9ED-47E0-430B-8260-175E8ED22F2E}.Release|x86.Build.0 = Release|x64
		{19C229D6-650D-4440-8B69-512B9458618E}.Debug|x64.ActiveCfg = Debug|x64
		{19C229D6-650D-4440-8B69-512B9458618E}.Debug|x64.Build.0 = Debug|x64
		{19C229D6-650D-4440-8B69-512B9458618E}.Debug|x86.ActiveCfg = Debug|x64
		{19C229D6-650D-4440-8B69-512B9458618E}.Debug|x86.Build.0 = Debug|x64
		{19C229D6-650D-4440-8B69-512B9458618E}.DLLLoader-Test|x64.ActiveCfg = Debug|x64
		{19C229D6-650D-4440-8B69-512B9458618E}.DLLLoader-Test|x64.Build.0 = Debug|x64
		{19C229D6-650D-4440-8B69-512B9458618E}.DLLLoader-Test|x86.ActiveCfg = Debug|x64
		{19C229D6-650D-4440-8B69-512B9458618E}.DLLLoader-Test|x86.Build.0 = Debug|x64
		{19C229D6-650D-4440-8B69-512B9458618E}.Files-Test|x64.ActiveCfg = Debug|x64
		{19C229D6-650D-4440-8B69-512B9458618E}.Files-Test|x64.Build.0 = Debug|x64
		{19C229D6-650D-4440-8B69-512B9458618E}.Files-Test|x86.ActiveCfg = Release|x64
		{19C229D6-650D-4440-8B69-512B9458618E}.Files-Test|x86.Build.0 = Release|x64
		{19C229D6-650D-4440-8B69-512B9458618E}.Input-Test|x64.ActiveCfg = Debug|x64
		{19C229D6-650D-4440-8B69-512B9458618E}.Input-Test|x64.Build.0 = Debug|x64
		{19C229D6-650D-4440-8B69-512B9458618E}.Input-Test|x86.ActiveCfg = Release|x64
		{19C229D6-650D-4440-8B69-512B9458618E}.Release|x64.ActiveCfg = Release|x64
		{19C229D6-650D-4440-8B69-512B9458618E}.Release|x64.Build.0 = Release|x64
		{19C229D6-650D-4440-8B69-512B9458618E}.Release|x86.ActiveCfg = Release|x64
		{19C229D6-650D-4440-8B69-512B9458618E}.Release|x86.Build.0 = Release|x64
		{5886497C-9B02-4B4E-A3D6-256478F4B036}.Debug|x64.ActiveCfg = Debug|x64
		{5886497C-9B02-4B4E-A3D6-256478F4B036}.Debug|x86.ActiveCfg = Debug|x64
		{5886497C-9B02-4B4E-A3D6-256478F4B036}.Debug|x86.Build.0 = Debug|x64
		{5886497C-9B02-4B4E-A3D6-256478F4B036}.DLLLoader-Test|x64.ActiveCfg = Debug|x64
		{5886497C-9B02-4B4E-A3D6-256478F4B036}.DLLLoader-Test|x64.Build.0 = Debug|x64
		{5886497C-9B02-4B4E-A3D6-256478F4B036}.DLLLoader-Test|x86.ActiveCfg = Debug|x64
		{5886497C-9B02-4B4E-A3D6-256478F4B036}.DLLLoader-Test|x86.Build.0 = Debug|x64
		{5886497C-9B02-4B4E-A3D6-256478F4B036}.Files-Test|x64.ActiveCfg = Debug|x64
		{5886497C-9B02-4B4E-A3D6-256478F4B036}.Files-Test|x86.ActiveCfg = Release|x64
		{5886497C-9B02-4B4E-A3D6-256478F4B036}.Files-Test|x86.Build.0 = Release|x64
		{5886497C-9B02-4B4E-A3D6-256478F4B036}.Input-Test|x64.ActiveCfg = Debug|x64
		{5886497C-9B02-4B4E-A3D6-256478F4B036}.Input-Test|x86.ActiveCfg = Release|x64
		{5886497C-9B02-4B4E-A3D6-256478F4B036}.Release|x64.ActiveCfg = Release|x64
		{5886497C-9B02-4B4E-A3D6-256478F4B036}.Release|x86.ActiveCfg = Release|x64
		{5886497C-9B02-4B4E-A3D6-256478F4B036}.Release|x86.Build.0 = Release|x64
		{ADF20A9A-EDA7-4751-9E86-B9A58D3FC875}.Debug|x64.ActiveCfg = Debug|x64
		{ADF20A9A-EDA7-4751-9E86-B9A58D3FC875}.Debug|x86.ActiveCfg = Debug|x64
		{ADF20A9A-EDA7-4751-9E86-B9A58D3FC875}.Debug|x86.Build.0 = Debug|x64
		{ADF20A9A-EDA7-4751-9E86-B9A58D3FC875}.DLLLoader-Test|x64.ActiveCfg = Debug|x64
		{ADF20A9A-EDA7-4751-9E86-B9A58D3FC875}.DLLLoader-Test|x64.Build.0 = Debug|x64
		{ADF20A9A-EDA7-4751-9E86-B9A58D3FC875}.DLLLoader-Test|x86.ActiveCfg = Debug|x64
		{ADF20A9A-EDA7-4751-9E86-B9A58D3FC875}.DLLLoader-Test|x86.Build.0 = Debug|x64
		{ADF20A9A-EDA7-4751-9E86-B9A58D3FC875}.Files-Test|x64.ActiveCfg = Debug|x64
		{ADF20A9A-EDA7-4751-9E86-B9A58D3FC875}.Files-Test|x86.ActiveCfg = Release|x64
		{ADF20A9A-EDA7-4751-9E86-B9A58D3FC875}.Files-Test|x86.Build.0 = Release|x64
		{ADF20A9A-EDA7-4751-9E86-B9A58D3FC875}.Input-Test|x64.ActiveCfg = Debug|x64
		{ADF20A9A-EDA7-4751-9E86-B9A58D3FC875}.Input-Test|x86.ActiveCfg = Release|x64
		{ADF20A9A-EDA7-4751-9E86-B9A58D3FC875}.Release|x64.ActiveCfg = Release|x64
		{ADF20A9A-EDA7-4751-9E86-B9A58D3FC875}.Release|x64.Build.0 = Release|x64
		{ADF20A9A-EDA7-4751-9E86-B9A58D3FC875}.Release|x86.ActiveCfg = Release|x64
		{ADF20A9A-EDA7-4751-9E86-B9A58D3FC875}.Release|x86.Build.0 = Release|x64
		{1661C4B3-9E75-499C-BE3B-A3CB23E70F4E}.Debug|x64.ActiveCfg = Debug|x64
		{1661C4B3-9E75-499C-BE3B-A3CB23E70F4E}.Debug|x64.Build.0 = Debug|x64
		{1661C4B3-9E75-499C-BE3B-A3CB23E70F4E}.Debug|x86.ActiveCfg = Debug|x64
		{1661C4B3-9E75-499C-BE3B-A3CB23E70F4E}.Debug|x86.Build.0 = Debug|x64
		{1661C4B3-9E75-499C-BE3B-A3CB23E70F4E}.DLLLoader-Test|x64.ActiveCfg = Debug|x64
		{1661C4B3-9E75-499C-BE3B-A3CB23E70F4E}.DLLLoader-Test|x64.Build.0 = Debug|x64
		{1661C4B3-9E75-499C-BE3B-A3CB23E70F4E}.DLLLoader-Test|x86.ActiveCfg = Debug|x64
		{1661C4B3-9E75-499C-BE3B-A3CB23E70F4E}.DLLLoader-Test|x86.Build.0 = Debug|x64
		{1661C4B3-9E75-499C-BE3B-A3CB23E70F4E}.Files-Test|x64.ActiveCfg = Debug|x64
		{1661C4B3-9E75-499C-BE3B-A3CB23E70F4E}.Files-Test|x64.Build.0 = Debug|x64
		{1661C4B3-9E75-499C-BE3B-A3CB23E70F4E}.Files-Test|x86.ActiveCfg = Release|x64
		{1661C4B3-9E75-499C-BE3B-A3CB23E70F4E}.Files-Test|x86.Build.0 = Release|x64
		{1661C4B3-9E75-499C-BE3B-A3CB23E70F4E}.Input-Test|x64.ActiveCfg = Debug|x64
		{1661C4B3-9E75-499C-BE3B-A3CB23E70F4E}.Input-Test|x64.Build.0 = Debug|x64
		{1661C4B3-9E75-499C-BE3B-A3CB23E70F4E}.Input-Test|x86.ActiveCfg = Release|x64
		{1661C4B3-9E75-499C-BE3B-A3CB23E70F4E}.Release|x64.ActiveCfg = Release|x64
		{1661C4B3-9E75-499C-BE3B-A3CB23E70F4E}.Release|x64.Build.0 = Release|x64
		{1661C4B3-9E75-499C-BE3B-A3CB23E70F4E}.Release|x86.ActiveCfg = Release|x64
		{1661C4B3-9E75-499C-BE3B-A3CB23E70F4E}.Release|x86.Build.0 = Release|x64
		{8DEB188B-A7C9-4546-912E-980350C959A8}.Debug|x64.ActiveCfg = Debug|x64
		{8DEB188B-A7C9-4546-912E-980350C959A8}.Debug|x86.ActiveCfg = Debug|x64
		{8DEB188B-A7C9-4546-912E-980350C959A8}.Debug|x86.Build.0 = Debug|x64
		{8DEB188B-A7C9-4546-912E-980350C959A8}.DLLLoader-Test|x64.ActiveCfg = Files-Test|x64
		{8DEB188B-A7C9-4546-912E-980350C959A8}.DLLLoader-Test|x86.ActiveCfg = Debug|x64
		{8DEB188B-A7C9-4546-912E-980350C959A8}.DLLLoader-Test|x86.Build.0 = Debug|x64
		{8DEB188B-A7C9-4546-912E-980350C959A8}.Files-Test|x64.ActiveCfg = Debug|x64
		{8DEB188B-A7C9-4546-912E-980350C959A8}.Files-Test|x64.Build.0 = Debug|x64
		{8DEB188B-A7C9-4546-912E-980350C959A8}.Files-Test|x86.ActiveCfg = Files-Test|x64
		{8DEB188B-A7C9-4546-912E-980350C959A8}.Files-Test|x86.Build.0 = Files-Test|x64
		{8DEB188B-A7C9-4546-912E-980350C959A8}.Input-Test|x64.ActiveCfg = Debug|x64
		{8DEB188B-A7C9-4546-912E-980350C959A8}.Input-Test|x86.ActiveCfg = Release|x64
		{8DEB188B-A7C9-4546-912E-980350C959A8}.Release|x64.ActiveCfg = Release|x64
		{8DEB188B-A7C9-4546-912E-980350C959A8}.Release|x86.ActiveCfg = Release|x64
		{8DEB188B-A7C9-4546-912E-980350C959A8}.Release|x86.Build.0 = Release|x64
		{0EB183EE-3578-4ADA-9962-55E9B7457F17}.Debug|x64.ActiveCfg = Debug|x64
		{0EB183EE-3578-4ADA-9962-55E9B7457F17}.Debug|x64.Build.0 = Debug|x64
		{0EB183EE-3578-4ADA-9962-55E9B7457F17}.Debug|x86.ActiveCfg = Debug|x64
		{0EB183EE-3578-4ADA-9962-55E9B7457F17}.Debug|x86.Build.0 = Debug|x64
		{0EB183EE-3578-4ADA-9962-55E9B7457F17}.DLLLoader-Test|x64.ActiveCfg = Debug|x64
		{0EB183EE-3578-4ADA-9962-55E9B7457F17}.DLLLoader-Test|x64.Build.0 = Debug|x64
		{0EB183EE-3578-4ADA-9962-55E9B7457F17}.DLLLoader-Test|x86.ActiveCfg = Debug|x64
		{0EB183EE-3578-4ADA-9962-55E9B7457F17}.DLLLoader-Test|x86.Build.0 = Debug|x64
		{0EB183EE-3578-4ADA-9962-55E9B7457F17}.Files-Test|x64.ActiveCfg = Debug|x64
		{0EB183EE-3578-4ADA-9962-55E9B7457F17}.Files-Test|x64.Build.0 = Debug|x64
		{0EB183EE-3578-4ADA-9962-55E9B7457F17}.Files-Test|x86.ActiveCfg = Release|x64
		{0EB183EE-3578-4ADA-9962-55E9B7457F17}.Files-Test|x86.Build.0 = Release|x64
		{0EB183EE-3578-4ADA-9962-55E9B7457F17}.Input-Test|x64.ActiveCfg = Debug|x64
		{0EB183EE-3578-4ADA-9962-55E9B7457F17}.Input-Test|x64.Build.0 = Debug|x64
		{0EB183EE-3578-4ADA-9962-55E9B7457F17}.Input-Test|x86.ActiveCfg = Release|x64
		{0EB183EE-3578-4ADA-9962-55E9B7457F17}.Release|x64.ActiveCfg = Release|x64
		{0EB183EE-3578-4ADA-9962-55E9B7457F17}.Release|x64.Build.0 = Release|x64
		{0EB183EE-3578-4ADA-9962-55E9B7457F17}.Release|x86.ActiveCfg = Release|x64
		{0EB183EE-3578-4ADA-9962-55E9B7457F17}.Release|x86.Build.0 = Release|x64
		{5B01A994-A157-4713-B7D6-62268883E636}.Debug|x64.ActiveCfg = Debug|x64
		{5B01A994-A157-4713-B7D6-62268883E636}.Debug|x64.Build.0 = Debug|x64
		{5B01A994-A157-4713-B7D6-62268883E636}.Debug|x86.ActiveCfg = Debug|x64
		{5B01A994-A157-4713-B7D6-62268883E636}.Debug|x86.Build.0 = Debug|x64
		{5B01A994-A157-4713-B7D6-62268883E636}.DLLLoader-Test|x64.ActiveCfg = Debug|x64
		{5B01A994-A157-4713-B7D6-62268883E636}.DLLLoader-Test|x64.Build.0 = Debug|x64
		{5B01A994-A157-4713-B7D6-62268883E636}.DLLLoader-Test|x86.ActiveCfg = Debug|x64
		{5B01A994-A157-4713-B7D6-62268883E636}.DLLLoader-Test|x86.Build.0 = Debug|x64
		{5B01A994-A157-4713-B7D6-62268883E636}.Files-Test|x64.ActiveCfg = Debug|x64
		{5B01A994-A157-4713-B7D6-62268883E636}.Files-Test|x64.Build.0 = Debug|x64
		{5B01A994-A157-4713-B7D6-62268883E636}.Files-Test|x86.ActiveCfg = Release|x64
		{5B01A994-A157-4713-B7D6-62268883E636}.Files-Test|x86.Build.0 = Release|x64
		{5B01A994-A157-4713-B7D6-62268883E636}.Input-Test|x64.ActiveCfg = Debug|x64
		{5B01A994-A157-4713-B7D6-62268883E636}.Input-Test|x64.Build.0 = Debug|x64
		{5B01A994-A157-4713-B7D6-62268883E636}.Input-Test|x86.ActiveCfg = Release|x64
		{5B01A994-A157-4713-B7D6-62268883E636}.Release|x64.ActiveCfg = Release|x64
		{5B01A994-A157-4713-B7D6-62268883E636}.Release|x64.Build.0 = Release|x64
		{5B01A994-A157-4713-B7D6-62268883E636}.Release|x86.ActiveCfg = Release|x64
		{5B01A994-A157-4713-B7D6-62268883E636}.Release|x86.Build.0 = Release|x64
		{DA33A6F4-EA38-4C59-BABB-97AA743F9A7F}.Debug|x64.ActiveCfg = Debug|x64
		{DA33A6F4-EA38-4C59-BABB-97AA743F9A7F}.Debug|x64.Build.0 = Debug|x64
		{DA33A6F4-EA38-4C59-BABB-97AA743F9A7F}.Debug|x86.ActiveCfg = Debug|x64
		{DA33A6F4-EA38-4C59-BABB-97AA743F9A7F}.DLLLoader-Test|x64.ActiveCfg = Release|x64
		{DA33A6F4-EA38-4C59-BABB-97AA743F9A7F}.DLLLoader-Test|x64.Build.0 = Release|x64
		{DA33A6F4-EA38-4C59-BABB-97AA743F9A7F}.DLLLoader-Test|x86.ActiveCfg = Release|x64
		{DA33A6F4-EA38-4C59-BABB-97AA743F9A7F}.Files-Test|x64.ActiveCfg = Debug|x64
		{DA33A6F4-EA38-4C59-BABB-97AA743F9A7F}.Files-Test|x64.Build.0 = Debug|x64
		{DA33A6F4-EA38-4C59-BABB-97AA743F9A7F}.Files-Test|x86.ActiveCfg = Debug|x64
		{DA33A6F4-EA38-4C59-BABB-97AA743F9A7F}.Input-Test|x64.ActiveCfg = Debug|x64
		{DA33A6F4-EA38-4C59-BABB-97AA743F9A7F}.Input-Test|x64.Build.0 = Debug|x64
		{DA33A6F4-EA38-4C59-BABB-97AA743F9A7F}.Input-Test|x86.ActiveCfg = Release|x64
		{DA33A6F4-EA38-4C59-BABB-97AA743F9A7F}.Release|x64.ActiveCfg = Release|x64
		{DA33A6F4-EA38-4C59-BABB-97AA743F9A7F}.Release|x64.Build.0 = Release|x64
		{DA33A6F4-EA38-4C59-BABB-97AA743F9A7F}.Release|x86.ActiveCfg = Release|x64
		{6E0141FA-EC11-4691-A856-4C23D86C46F0}.Debug|x64.ActiveCfg = Debug|x64
		{6E0141FA-EC11-4691-A856-4C23D86C46F0}.Debug|x86.ActiveCfg = Debug|x64
		{6E0141FA-EC11-4691-A856-4C23D86C46F0}.DLLLoader-Test|x64.ActiveCfg = Debug|x64
		{6E0141FA-EC11-4691-A856-4C23D86C46F0}.DLLLoader-Test|x64.Build.0 = Debug|x64
		{6E0141FA-EC11-4691-A856-4C23D86C46F0}.DLLLoader-Test|x86.ActiveCfg = Debug|x64
		{6E0141FA-EC11-4691-A856-4C23D86C46F0}.Files-Test|x64.ActiveCfg = Release|x64
		{6E0141FA-EC11-4691-A856-4C23D86C46F0}.Files-Test|x64.Build.0 = Release|x64
		{6E0141FA-EC11-4691-A856-4C23D86C46F0}.Files-Test|x86.ActiveCfg = Release|x64
		{6E0141FA-EC11-4691-A856-4C23D86C46F0}.Input-Test|x64.ActiveCfg = Debug|x64
		{6E0141FA-EC11-4691-A856-4C23D86C46F0}.Input-Test|x64.Build.0 = Debug|x64
		{6E0141FA-EC11-4691-A856-4C23D86C46F0}.Input-Test|x86.ActiveCfg = Release|x64
		{6E0141FA-EC11-4691-A856-4C23D86C46F0}.Release|x64.ActiveCfg = Release|x64
		{6E0141FA-EC11-4691-A856-4C23D86C46F0}.Release|x86.ActiveCfg = Release|x64
	EndGlobalSection
	GlobalSection(SolutionProperties) = preSolution
		HideSolutionNode = FALSE
	EndGlobalSection
	GlobalSection(NestedProjects) = preSolution
		{11FAA6EE-0C54-44CF-BEA5-824CE5179B93} = {02EA681E-C7D8-13C7-8484-4AC65E1B71E8}
		{C112B31D-E157-48ED-A97F-BD18EF719A0D} = {02EA681E-C7D8-13C7-8484-4AC65E1B71E8}
		{D7BF9084-273E-4DC4-9243-904853677057} = {02EA681E-C7D8-13C7-8484-4AC65E1B71E8}
		{6A72929A-B2DB-425D-B679-FBE3B0255CD5} = {02EA681E-C7D8-13C7-8484-4AC65E1B71E8}
		{0F00E9ED-47E0-430B-8260-175E8ED22F2E} = {02EA681E-C7D8-13C7-8484-4AC65E1B71E8}
		{5886497C-9B02-4B4E-A3D6-256478F4B036} = {6D058C1E-8E6A-4DA2-B12B-8FBE94D7C9CA}
		{6D058C1E-8E6A-4DA2-B12B-8FBE94D7C9CA} = {3C4D35D5-52B0-440C-AA4C-DA6110C2B55C}
		{ADF20A9A-EDA7-4751-9E86-B9A58D3FC875} = {6D058C1E-8E6A-4DA2-B12B-8FBE94D7C9CA}
		{8DEB188B-A7C9-4546-912E-980350C959A8} = {FDF2A661-ED89-4AA4-AEEE-B4D050248C1F}
		{FDF2A661-ED89-4AA4-AEEE-B4D050248C1F} = {3C4D35D5-52B0-440C-AA4C-DA6110C2B55C}
		{548D10B9-1158-41AC-A716-DE25123CB9A6} = {3C4D35D5-52B0-440C-AA4C-DA6110C2B55C}
		{6E0141FA-EC11-4691-A856-4C23D86C46F0} = {548D10B9-1158-41AC-A716-DE25123CB9A6}
	EndGlobalSection
	GlobalSection(ExtensibilityGlobals) = postSolution
		SolutionGuid = {74C58AEF-72E1-446E-8F84-68E579093AFB}
	EndGlobalSection
EndGlobal
