
Microsoft Visual Studio Solution File, Format Version 12.00
# Visual Studio Version 17
VisualStudioVersion = 17.14.36518.9 d17.14
MinimumVisualStudioVersion = 10.0.40219.1
Project("{2150E333-8FDC-42A3-9474-1A3956D46DE8}") = "CMakePredefinedTargets", "CMakePredefinedTargets", "{E4EA29C4-6BF2-3E7F-94F0-135B64275E71}"
EndProject
Project("{2150E333-8FDC-42A3-9474-1A3956D46DE8}") = "Components", "Components", "{033EC9C1-01AD-3A9A-9877-0487B22DA722}"
EndProject
Project("{8BC9CEB8-8B4A-11D0-8D11-00A0C91BC942}") = "ALL_BUILD", "ALL_BUILD.vcxproj", "{BD1D9768-C8B9-379B-995D-0F998DAD3C32}"
	ProjectSection(ProjectDependencies) = postProject
		{33B314CE-97A9-3A89-B7AB-DE9955A10426} = {33B314CE-97A9-3A89-B7AB-DE9955A10426}
		{FC353D09-BC55-322C-9DF2-9F228B3984AC} = {FC353D09-BC55-322C-9DF2-9F228B3984AC}
		{CB1C601A-DF52-3590-8524-C9AD9B9DF92B} = {CB1C601A-DF52-3590-8524-C9AD9B9DF92B}
		{931D3ABA-2597-32F8-9057-F746FF40E225} = {931D3ABA-2597-32F8-9057-F746FF40E225}
		{7F151A54-C923-3737-98C1-16BDF2410715} = {7F151A54-C923-3737-98C1-16BDF2410715}
		{8800371B-716D-3180-838F-26D36F433003} = {8800371B-716D-3180-838F-26D36F433003}
		{87E1878C-C951-3AFE-92C2-8F1E6E66506F} = {87E1878C-C951-3AFE-92C2-8F1E6E66506F}
		{77D6E163-64D9-32F9-8372-135921C066E6} = {77D6E163-64D9-32F9-8372-135921C066E6}
	EndProjectSection
EndProject
Project("{8BC9CEB8-8B4A-11D0-8D11-00A0C91BC942}") = "Codec_Assimp", "PlugIns\Assimp\Codec_Assimp.vcxproj", "{33B314CE-97A9-3A89-B7AB-DE9955A10426}"
	ProjectSection(ProjectDependencies) = postProject
		{931D3ABA-2597-32F8-9057-F746FF40E225} = {931D3ABA-2597-32F8-9057-F746FF40E225}
	EndProjectSection
EndProject
Project("{8BC9CEB8-8B4A-11D0-8D11-00A0C91BC942}") = "Codec_STBI", "PlugIns\STBICodec\Codec_STBI.vcxproj", "{FC353D09-BC55-322C-9DF2-9F228B3984AC}"
	ProjectSection(ProjectDependencies) = postProject
		{931D3ABA-2597-32F8-9057-F746FF40E225} = {931D3ABA-2597-32F8-9057-F746FF40E225}
	EndProjectSection
EndProject
Project("{8BC9CEB8-8B4A-11D0-8D11-00A0C91BC942}") = "OgreGLSupport", "RenderSystems\GLSupport\OgreGLSupport.vcxproj", "{CB1C601A-DF52-3590-8524-C9AD9B9DF92B}"
	ProjectSection(ProjectDependencies) = postProject
		{931D3ABA-2597-32F8-9057-F746FF40E225} = {931D3ABA-2597-32F8-9057-F746FF40E225}
	EndProjectSection
EndProject
Project("{8BC9CEB8-8B4A-11D0-8D11-00A0C91BC942}") = "OgreMain", "OgreMain\OgreMain.vcxproj", "{931D3ABA-2597-32F8-9057-F746FF40E225}"
EndProject
Project("{8BC9CEB8-8B4A-11D0-8D11-00A0C91BC942}") = "OgreOverlay", "Components\Overlay\OgreOverlay.vcxproj", "{7F151A54-C923-3737-98C1-16BDF2410715}"
	ProjectSection(ProjectDependencies) = postProject
		{931D3ABA-2597-32F8-9057-F746FF40E225} = {931D3ABA-2597-32F8-9057-F746FF40E225}
	EndProjectSection
EndProject
Project("{8BC9CEB8-8B4A-11D0-8D11-00A0C91BC942}") = "Plugin_ParticleFX", "PlugIns\ParticleFX\Plugin_ParticleFX.vcxproj", "{8800371B-716D-3180-838F-26D36F433003}"
	ProjectSection(ProjectDependencies) = postProject
		{931D3ABA-2597-32F8-9057-F746FF40E225} = {931D3ABA-2597-32F8-9057-F746FF40E225}
	EndProjectSection
EndProject
Project("{8BC9CEB8-8B4A-11D0-8D11-00A0C91BC942}") = "RenderSystem_GL3Plus", "RenderSystems\GL3Plus\RenderSystem_GL3Plus.vcxproj", "{87E1878C-C951-3AFE-92C2-8F1E6E66506F}"
	ProjectSection(ProjectDependencies) = postProject
		{CB1C601A-DF52-3590-8524-C9AD9B9DF92B} = {CB1C601A-DF52-3590-8524-C9AD9B9DF92B}
		{931D3ABA-2597-32F8-9057-F746FF40E225} = {931D3ABA-2597-32F8-9057-F746FF40E225}
	EndProjectSection
EndProject
Project("{8BC9CEB8-8B4A-11D0-8D11-00A0C91BC942}") = "RenderSystem_GLES2", "RenderSystems\GLES2\RenderSystem_GLES2.vcxproj", "{77D6E163-64D9-32F9-8372-135921C066E6}"
	ProjectSection(ProjectDependencies) = postProject
		{CB1C601A-DF52-3590-8524-C9AD9B9DF92B} = {CB1C601A-DF52-3590-8524-C9AD9B9DF92B}
		{931D3ABA-2597-32F8-9057-F746FF40E225} = {931D3ABA-2597-32F8-9057-F746FF40E225}
	EndProjectSection
EndProject
Global
	GlobalSection(SolutionConfigurationPlatforms) = preSolution
		Debug|x64 = Debug|x64
		MinSizeRel|x64 = MinSizeRel|x64
		Release|x64 = Release|x64
		RelWithDebInfo|x64 = RelWithDebInfo|x64
	EndGlobalSection
	GlobalSection(ProjectConfigurationPlatforms) = postSolution
		{BD1D9768-C8B9-379B-995D-0F998DAD3C32}.Debug|x64.ActiveCfg = Debug|x64
		{BD1D9768-C8B9-379B-995D-0F998DAD3C32}.Debug|x64.Build.0 = Debug|x64
		{BD1D9768-C8B9-379B-995D-0F998DAD3C32}.MinSizeRel|x64.ActiveCfg = MinSizeRel|x64
		{BD1D9768-C8B9-379B-995D-0F998DAD3C32}.MinSizeRel|x64.Build.0 = MinSizeRel|x64
		{BD1D9768-C8B9-379B-995D-0F998DAD3C32}.Release|x64.ActiveCfg = Release|x64
		{BD1D9768-C8B9-379B-995D-0F998DAD3C32}.Release|x64.Build.0 = Release|x64
		{BD1D9768-C8B9-379B-995D-0F998DAD3C32}.RelWithDebInfo|x64.ActiveCfg = RelWithDebInfo|x64
		{BD1D9768-C8B9-379B-995D-0F998DAD3C32}.RelWithDebInfo|x64.Build.0 = RelWithDebInfo|x64
		{33B314CE-97A9-3A89-B7AB-DE9955A10426}.Debug|x64.ActiveCfg = Debug|x64
		{33B314CE-97A9-3A89-B7AB-DE9955A10426}.Debug|x64.Build.0 = Debug|x64
		{33B314CE-97A9-3A89-B7AB-DE9955A10426}.MinSizeRel|x64.ActiveCfg = MinSizeRel|x64
		{33B314CE-97A9-3A89-B7AB-DE9955A10426}.MinSizeRel|x64.Build.0 = MinSizeRel|x64
		{33B314CE-97A9-3A89-B7AB-DE9955A10426}.Release|x64.ActiveCfg = Release|x64
		{33B314CE-97A9-3A89-B7AB-DE9955A10426}.Release|x64.Build.0 = Release|x64
		{33B314CE-97A9-3A89-B7AB-DE9955A10426}.RelWithDebInfo|x64.ActiveCfg = RelWithDebInfo|x64
		{33B314CE-97A9-3A89-B7AB-DE9955A10426}.RelWithDebInfo|x64.Build.0 = RelWithDebInfo|x64
		{FC353D09-BC55-322C-9DF2-9F228B3984AC}.Debug|x64.ActiveCfg = Debug|x64
		{FC353D09-BC55-322C-9DF2-9F228B3984AC}.Debug|x64.Build.0 = Debug|x64
		{FC353D09-BC55-322C-9DF2-9F228B3984AC}.MinSizeRel|x64.ActiveCfg = MinSizeRel|x64
		{FC353D09-BC55-322C-9DF2-9F228B3984AC}.MinSizeRel|x64.Build.0 = MinSizeRel|x64
		{FC353D09-BC55-322C-9DF2-9F228B3984AC}.Release|x64.ActiveCfg = Release|x64
		{FC353D09-BC55-322C-9DF2-9F228B3984AC}.Release|x64.Build.0 = Release|x64
		{FC353D09-BC55-322C-9DF2-9F228B3984AC}.RelWithDebInfo|x64.ActiveCfg = RelWithDebInfo|x64
		{FC353D09-BC55-322C-9DF2-9F228B3984AC}.RelWithDebInfo|x64.Build.0 = RelWithDebInfo|x64
		{CB1C601A-DF52-3590-8524-C9AD9B9DF92B}.Debug|x64.ActiveCfg = Debug|x64
		{CB1C601A-DF52-3590-8524-C9AD9B9DF92B}.Debug|x64.Build.0 = Debug|x64
		{CB1C601A-DF52-3590-8524-C9AD9B9DF92B}.MinSizeRel|x64.ActiveCfg = MinSizeRel|x64
		{CB1C601A-DF52-3590-8524-C9AD9B9DF92B}.MinSizeRel|x64.Build.0 = MinSizeRel|x64
		{CB1C601A-DF52-3590-8524-C9AD9B9DF92B}.Release|x64.ActiveCfg = Release|x64
		{CB1C601A-DF52-3590-8524-C9AD9B9DF92B}.Release|x64.Build.0 = Release|x64
		{CB1C601A-DF52-3590-8524-C9AD9B9DF92B}.RelWithDebInfo|x64.ActiveCfg = RelWithDebInfo|x64
		{CB1C601A-DF52-3590-8524-C9AD9B9DF92B}.RelWithDebInfo|x64.Build.0 = RelWithDebInfo|x64
		{931D3ABA-2597-32F8-9057-F746FF40E225}.Debug|x64.ActiveCfg = Debug|x64
		{931D3ABA-2597-32F8-9057-F746FF40E225}.Debug|x64.Build.0 = Debug|x64
		{931D3ABA-2597-32F8-9057-F746FF40E225}.MinSizeRel|x64.ActiveCfg = MinSizeRel|x64
		{931D3ABA-2597-32F8-9057-F746FF40E225}.MinSizeRel|x64.Build.0 = MinSizeRel|x64
		{931D3ABA-2597-32F8-9057-F746FF40E225}.Release|x64.ActiveCfg = Release|x64
		{931D3ABA-2597-32F8-9057-F746FF40E225}.Release|x64.Build.0 = Release|x64
		{931D3ABA-2597-32F8-9057-F746FF40E225}.RelWithDebInfo|x64.ActiveCfg = RelWithDebInfo|x64
		{931D3ABA-2597-32F8-9057-F746FF40E225}.RelWithDebInfo|x64.Build.0 = RelWithDebInfo|x64
		{7F151A54-C923-3737-98C1-16BDF2410715}.Debug|x64.ActiveCfg = Debug|x64
		{7F151A54-C923-3737-98C1-16BDF2410715}.Debug|x64.Build.0 = Debug|x64
		{7F151A54-C923-3737-98C1-16BDF2410715}.MinSizeRel|x64.ActiveCfg = MinSizeRel|x64
		{7F151A54-C923-3737-98C1-16BDF2410715}.MinSizeRel|x64.Build.0 = MinSizeRel|x64
		{7F151A54-C923-3737-98C1-16BDF2410715}.Release|x64.ActiveCfg = Release|x64
		{7F151A54-C923-3737-98C1-16BDF2410715}.Release|x64.Build.0 = Release|x64
		{7F151A54-C923-3737-98C1-16BDF2410715}.RelWithDebInfo|x64.ActiveCfg = RelWithDebInfo|x64
		{7F151A54-C923-3737-98C1-16BDF2410715}.RelWithDebInfo|x64.Build.0 = RelWithDebInfo|x64
		{8800371B-716D-3180-838F-26D36F433003}.Debug|x64.ActiveCfg = Debug|x64
		{8800371B-716D-3180-838F-26D36F433003}.Debug|x64.Build.0 = Debug|x64
		{8800371B-716D-3180-838F-26D36F433003}.MinSizeRel|x64.ActiveCfg = MinSizeRel|x64
		{8800371B-716D-3180-838F-26D36F433003}.MinSizeRel|x64.Build.0 = MinSizeRel|x64
		{8800371B-716D-3180-838F-26D36F433003}.Release|x64.ActiveCfg = Release|x64
		{8800371B-716D-3180-838F-26D36F433003}.Release|x64.Build.0 = Release|x64
		{8800371B-716D-3180-838F-26D36F433003}.RelWithDebInfo|x64.ActiveCfg = RelWithDebInfo|x64
		{8800371B-716D-3180-838F-26D36F433003}.RelWithDebInfo|x64.Build.0 = RelWithDebInfo|x64
		{87E1878C-C951-3AFE-92C2-8F1E6E66506F}.Debug|x64.ActiveCfg = Debug|x64
		{87E1878C-C951-3AFE-92C2-8F1E6E66506F}.Debug|x64.Build.0 = Debug|x64
		{87E1878C-C951-3AFE-92C2-8F1E6E66506F}.MinSizeRel|x64.ActiveCfg = MinSizeRel|x64
		{87E1878C-C951-3AFE-92C2-8F1E6E66506F}.MinSizeRel|x64.Build.0 = MinSizeRel|x64
		{87E1878C-C951-3AFE-92C2-8F1E6E66506F}.Release|x64.ActiveCfg = Release|x64
		{87E1878C-C951-3AFE-92C2-8F1E6E66506F}.Release|x64.Build.0 = Release|x64
		{87E1878C-C951-3AFE-92C2-8F1E6E66506F}.RelWithDebInfo|x64.ActiveCfg = RelWithDebInfo|x64
		{87E1878C-C951-3AFE-92C2-8F1E6E66506F}.RelWithDebInfo|x64.Build.0 = RelWithDebInfo|x64
		{77D6E163-64D9-32F9-8372-135921C066E6}.Debug|x64.ActiveCfg = Debug|x64
		{77D6E163-64D9-32F9-8372-135921C066E6}.Debug|x64.Build.0 = Debug|x64
		{77D6E163-64D9-32F9-8372-135921C066E6}.MinSizeRel|x64.ActiveCfg = MinSizeRel|x64
		{77D6E163-64D9-32F9-8372-135921C066E6}.MinSizeRel|x64.Build.0 = MinSizeRel|x64
		{77D6E163-64D9-32F9-8372-135921C066E6}.Release|x64.ActiveCfg = Release|x64
		{77D6E163-64D9-32F9-8372-135921C066E6}.Release|x64.Build.0 = Release|x64
		{77D6E163-64D9-32F9-8372-135921C066E6}.RelWithDebInfo|x64.ActiveCfg = RelWithDebInfo|x64
		{77D6E163-64D9-32F9-8372-135921C066E6}.RelWithDebInfo|x64.Build.0 = RelWithDebInfo|x64
	EndGlobalSection
	GlobalSection(SolutionProperties) = preSolution
		HideSolutionNode = FALSE
	EndGlobalSection
	GlobalSection(NestedProjects) = preSolution
		{BD1D9768-C8B9-379B-995D-0F998DAD3C32} = {E4EA29C4-6BF2-3E7F-94F0-135B64275E71}
		{7F151A54-C923-3737-98C1-16BDF2410715} = {033EC9C1-01AD-3A9A-9877-0487B22DA722}
	EndGlobalSection
	GlobalSection(ExtensibilityGlobals) = postSolution
		SolutionGuid = {C14F43A9-2227-3101-9288-E6E0CEB5118D}
	EndGlobalSection
EndGlobal
