
Microsoft Visual Studio Solution File, Format Version 12.00
# Visual Studio Version 17
Project("{8BC9CEB8-8B4A-11D0-8D11-00A0C91BC942}") = "ALL_BUILD", "ALL_BUILD.vcxproj", "{71380EF4-F28B-3275-BE86-113F5C5B2DC0}"
	ProjectSection(ProjectDependencies) = postProject
		{FC1C9FC9-670F-3F6E-9F49-988EF0EFA760} = {FC1C9FC9-670F-3F6E-9F49-988EF0EFA760}
		{4389CBCA-5CB3-35C8-A6C6-375153415FCA} = {4389CBCA-5CB3-35C8-A6C6-375153415FCA}
	EndProjectSection
EndProject
Project("{8BC9CEB8-8B4A-11D0-8D11-00A0C91BC942}") = "Continuous", "Continuous.vcxproj", "{72DFA83A-4441-3A55-83BF-23E6E40EE563}"
	ProjectSection(ProjectDependencies) = postProject
		{FC1C9FC9-670F-3F6E-9F49-988EF0EFA760} = {FC1C9FC9-670F-3F6E-9F49-988EF0EFA760}
	EndProjectSection
EndProject
Project("{8BC9CEB8-8B4A-11D0-8D11-00A0C91BC942}") = "Experimental", "Experimental.vcxproj", "{64551435-EE09-3272-ACC8-82CB752F1C19}"
	ProjectSection(ProjectDependencies) = postProject
		{FC1C9FC9-670F-3F6E-9F49-988EF0EFA760} = {FC1C9FC9-670F-3F6E-9F49-988EF0EFA760}
	EndProjectSection
EndProject
Project("{8BC9CEB8-8B4A-11D0-8D11-00A0C91BC942}") = "INSTALL", "INSTALL.vcxproj", "{45438FA0-9AE2-37CD-8B65-6B56335738D8}"
	ProjectSection(ProjectDependencies) = postProject
		{71380EF4-F28B-3275-BE86-113F5C5B2DC0} = {71380EF4-F28B-3275-BE86-113F5C5B2DC0}
		{FC1C9FC9-670F-3F6E-9F49-988EF0EFA760} = {FC1C9FC9-670F-3F6E-9F49-988EF0EFA760}
	EndProjectSection
EndProject
Project("{8BC9CEB8-8B4A-11D0-8D11-00A0C91BC942}") = "Nightly", "Nightly.vcxproj", "{6D523DFF-8423-3CAC-BB94-3C39694D22CB}"
	ProjectSection(ProjectDependencies) = postProject
		{FC1C9FC9-670F-3F6E-9F49-988EF0EFA760} = {FC1C9FC9-670F-3F6E-9F49-988EF0EFA760}
	EndProjectSection
EndProject
Project("{8BC9CEB8-8B4A-11D0-8D11-00A0C91BC942}") = "NightlyMemoryCheck", "NightlyMemoryCheck.vcxproj", "{157B8850-AE23-3D9B-B640-029BB78B1DEF}"
	ProjectSection(ProjectDependencies) = postProject
		{FC1C9FC9-670F-3F6E-9F49-988EF0EFA760} = {FC1C9FC9-670F-3F6E-9F49-988EF0EFA760}
	EndProjectSection
EndProject
Project("{8BC9CEB8-8B4A-11D0-8D11-00A0C91BC942}") = "RUN_TESTS", "RUN_TESTS.vcxproj", "{F2F62A68-7514-3E8A-BFC8-FCBDBF49D641}"
	ProjectSection(ProjectDependencies) = postProject
		{FC1C9FC9-670F-3F6E-9F49-988EF0EFA760} = {FC1C9FC9-670F-3F6E-9F49-988EF0EFA760}
	EndProjectSection
EndProject
Project("{8BC9CEB8-8B4A-11D0-8D11-00A0C91BC942}") = "ZERO_CHECK", "ZERO_CHECK.vcxproj", "{FC1C9FC9-670F-3F6E-9F49-988EF0EFA760}"
	ProjectSection(ProjectDependencies) = postProject
	EndProjectSection
EndProject
Project("{8BC9CEB8-8B4A-11D0-8D11-00A0C91BC942}") = "pugixml-static", "pugixml-static.vcxproj", "{4389CBCA-5CB3-35C8-A6C6-375153415FCA}"
	ProjectSection(ProjectDependencies) = postProject
		{FC1C9FC9-670F-3F6E-9F49-988EF0EFA760} = {FC1C9FC9-670F-3F6E-9F49-988EF0EFA760}
	EndProjectSection
EndProject
Global
	GlobalSection(SolutionConfigurationPlatforms) = preSolution
		Debug|x64 = Debug|x64
		Release|x64 = Release|x64
		MinSizeRel|x64 = MinSizeRel|x64
		RelWithDebInfo|x64 = RelWithDebInfo|x64
	EndGlobalSection
	GlobalSection(ProjectConfigurationPlatforms) = postSolution
		{71380EF4-F28B-3275-BE86-113F5C5B2DC0}.Debug|x64.ActiveCfg = Debug|x64
		{71380EF4-F28B-3275-BE86-113F5C5B2DC0}.Debug|x64.Build.0 = Debug|x64
		{71380EF4-F28B-3275-BE86-113F5C5B2DC0}.Release|x64.ActiveCfg = Release|x64
		{71380EF4-F28B-3275-BE86-113F5C5B2DC0}.Release|x64.Build.0 = Release|x64
		{71380EF4-F28B-3275-BE86-113F5C5B2DC0}.MinSizeRel|x64.ActiveCfg = MinSizeRel|x64
		{71380EF4-F28B-3275-BE86-113F5C5B2DC0}.MinSizeRel|x64.Build.0 = MinSizeRel|x64
		{71380EF4-F28B-3275-BE86-113F5C5B2DC0}.RelWithDebInfo|x64.ActiveCfg = RelWithDebInfo|x64
		{71380EF4-F28B-3275-BE86-113F5C5B2DC0}.RelWithDebInfo|x64.Build.0 = RelWithDebInfo|x64
		{72DFA83A-4441-3A55-83BF-23E6E40EE563}.Debug|x64.ActiveCfg = Debug|x64
		{72DFA83A-4441-3A55-83BF-23E6E40EE563}.Release|x64.ActiveCfg = Release|x64
		{72DFA83A-4441-3A55-83BF-23E6E40EE563}.MinSizeRel|x64.ActiveCfg = MinSizeRel|x64
		{72DFA83A-4441-3A55-83BF-23E6E40EE563}.RelWithDebInfo|x64.ActiveCfg = RelWithDebInfo|x64
		{64551435-EE09-3272-ACC8-82CB752F1C19}.Debug|x64.ActiveCfg = Debug|x64
		{64551435-EE09-3272-ACC8-82CB752F1C19}.Release|x64.ActiveCfg = Release|x64
		{64551435-EE09-3272-ACC8-82CB752F1C19}.MinSizeRel|x64.ActiveCfg = MinSizeRel|x64
		{64551435-EE09-3272-ACC8-82CB752F1C19}.RelWithDebInfo|x64.ActiveCfg = RelWithDebInfo|x64
		{45438FA0-9AE2-37CD-8B65-6B56335738D8}.Debug|x64.ActiveCfg = Debug|x64
		{45438FA0-9AE2-37CD-8B65-6B56335738D8}.Release|x64.ActiveCfg = Release|x64
		{45438FA0-9AE2-37CD-8B65-6B56335738D8}.MinSizeRel|x64.ActiveCfg = MinSizeRel|x64
		{45438FA0-9AE2-37CD-8B65-6B56335738D8}.RelWithDebInfo|x64.ActiveCfg = RelWithDebInfo|x64
		{6D523DFF-8423-3CAC-BB94-3C39694D22CB}.Debug|x64.ActiveCfg = Debug|x64
		{6D523DFF-8423-3CAC-BB94-3C39694D22CB}.Release|x64.ActiveCfg = Release|x64
		{6D523DFF-8423-3CAC-BB94-3C39694D22CB}.MinSizeRel|x64.ActiveCfg = MinSizeRel|x64
		{6D523DFF-8423-3CAC-BB94-3C39694D22CB}.RelWithDebInfo|x64.ActiveCfg = RelWithDebInfo|x64
		{157B8850-AE23-3D9B-B640-029BB78B1DEF}.Debug|x64.ActiveCfg = Debug|x64
		{157B8850-AE23-3D9B-B640-029BB78B1DEF}.Release|x64.ActiveCfg = Release|x64
		{157B8850-AE23-3D9B-B640-029BB78B1DEF}.MinSizeRel|x64.ActiveCfg = MinSizeRel|x64
		{157B8850-AE23-3D9B-B640-029BB78B1DEF}.RelWithDebInfo|x64.ActiveCfg = RelWithDebInfo|x64
		{F2F62A68-7514-3E8A-BFC8-FCBDBF49D641}.Debug|x64.ActiveCfg = Debug|x64
		{F2F62A68-7514-3E8A-BFC8-FCBDBF49D641}.Release|x64.ActiveCfg = Release|x64
		{F2F62A68-7514-3E8A-BFC8-FCBDBF49D641}.MinSizeRel|x64.ActiveCfg = MinSizeRel|x64
		{F2F62A68-7514-3E8A-BFC8-FCBDBF49D641}.RelWithDebInfo|x64.ActiveCfg = RelWithDebInfo|x64
		{FC1C9FC9-670F-3F6E-9F49-988EF0EFA760}.Debug|x64.ActiveCfg = Debug|x64
		{FC1C9FC9-670F-3F6E-9F49-988EF0EFA760}.Debug|x64.Build.0 = Debug|x64
		{FC1C9FC9-670F-3F6E-9F49-988EF0EFA760}.Release|x64.ActiveCfg = Release|x64
		{FC1C9FC9-670F-3F6E-9F49-988EF0EFA760}.Release|x64.Build.0 = Release|x64
		{FC1C9FC9-670F-3F6E-9F49-988EF0EFA760}.MinSizeRel|x64.ActiveCfg = MinSizeRel|x64
		{FC1C9FC9-670F-3F6E-9F49-988EF0EFA760}.MinSizeRel|x64.Build.0 = MinSizeRel|x64
		{FC1C9FC9-670F-3F6E-9F49-988EF0EFA760}.RelWithDebInfo|x64.ActiveCfg = RelWithDebInfo|x64
		{FC1C9FC9-670F-3F6E-9F49-988EF0EFA760}.RelWithDebInfo|x64.Build.0 = RelWithDebInfo|x64
		{4389CBCA-5CB3-35C8-A6C6-375153415FCA}.Debug|x64.ActiveCfg = Debug|x64
		{4389CBCA-5CB3-35C8-A6C6-375153415FCA}.Debug|x64.Build.0 = Debug|x64
		{4389CBCA-5CB3-35C8-A6C6-375153415FCA}.Release|x64.ActiveCfg = Release|x64
		{4389CBCA-5CB3-35C8-A6C6-375153415FCA}.Release|x64.Build.0 = Release|x64
		{4389CBCA-5CB3-35C8-A6C6-375153415FCA}.MinSizeRel|x64.ActiveCfg = MinSizeRel|x64
		{4389CBCA-5CB3-35C8-A6C6-375153415FCA}.MinSizeRel|x64.Build.0 = MinSizeRel|x64
		{4389CBCA-5CB3-35C8-A6C6-375153415FCA}.RelWithDebInfo|x64.ActiveCfg = RelWithDebInfo|x64
		{4389CBCA-5CB3-35C8-A6C6-375153415FCA}.RelWithDebInfo|x64.Build.0 = RelWithDebInfo|x64
	EndGlobalSection
	GlobalSection(ExtensibilityGlobals) = postSolution
		SolutionGuid = {EC68178B-70A2-3C5B-B4F4-6936B582072A}
	EndGlobalSection
	GlobalSection(ExtensibilityAddIns) = postSolution
	EndGlobalSection
EndGlobal
