<?xml version="1.0" encoding="utf-8"?>
<Project ToolsVersion="17.0" xmlns="http://schemas.microsoft.com/developer/msbuild/2003">
  <ItemGroup>
    <ClCompile Include="C:\Users\andres\Documents\CLASE\P3\sdl\SDL\src\test\SDL_test_assert.c">
      <Filter>Source Files</Filter>
    </ClCompile>
    <ClCompile Include="C:\Users\andres\Documents\CLASE\P3\sdl\SDL\src\test\SDL_test_common.c">
      <Filter>Source Files</Filter>
    </ClCompile>
    <ClCompile Include="C:\Users\andres\Documents\CLASE\P3\sdl\SDL\src\test\SDL_test_compare.c">
      <Filter>Source Files</Filter>
    </ClCompile>
    <ClCompile Include="C:\Users\andres\Documents\CLASE\P3\sdl\SDL\src\test\SDL_test_crc32.c">
      <Filter>Source Files</Filter>
    </ClCompile>
    <ClCompile Include="C:\Users\andres\Documents\CLASE\P3\sdl\SDL\src\test\SDL_test_font.c">
      <Filter>Source Files</Filter>
    </ClCompile>
    <ClCompile Include="C:\Users\andres\Documents\CLASE\P3\sdl\SDL\src\test\SDL_test_fuzzer.c">
      <Filter>Source Files</Filter>
    </ClCompile>
    <ClCompile Include="C:\Users\andres\Documents\CLASE\P3\sdl\SDL\src\test\SDL_test_harness.c">
      <Filter>Source Files</Filter>
    </ClCompile>
    <ClCompile Include="C:\Users\andres\Documents\CLASE\P3\sdl\SDL\src\test\SDL_test_log.c">
      <Filter>Source Files</Filter>
    </ClCompile>
    <ClCompile Include="C:\Users\andres\Documents\CLASE\P3\sdl\SDL\src\test\SDL_test_md5.c">
      <Filter>Source Files</Filter>
    </ClCompile>
    <ClCompile Include="C:\Users\andres\Documents\CLASE\P3\sdl\SDL\src\test\SDL_test_memory.c">
      <Filter>Source Files</Filter>
    </ClCompile>
  </ItemGroup>
  <ItemGroup>
    <ClInclude Include="C:\Users\andres\Documents\CLASE\P3\sdl\SDL\src\test\SDL_test_internal.h">
      <Filter>Header Files</Filter>
    </ClInclude>
  </ItemGroup>
  <ItemGroup>
    <CustomBuild Include="C:\Users\andres\Documents\CLASE\P3\sdl\SDL\CMakeLists.txt" />
  </ItemGroup>
  <ItemGroup>
    <Filter Include="Header Files">
      <UniqueIdentifier>{B5CF0A91-B358-307F-B864-827A28337095}</UniqueIdentifier>
    </Filter>
    <Filter Include="Source Files">
      <UniqueIdentifier>{1B2C2030-D7AE-3776-828F-2A4EC6E9F772}</UniqueIdentifier>
    </Filter>
  </ItemGroup>
</Project>
