<?xml version="1.0" encoding="utf-8"?>
<Project ToolsVersion="17.0" xmlns="http://schemas.microsoft.com/developer/msbuild/2003">
  <ItemGroup>
    <CustomBuild Include="C:\Users\andres\Documents\GitHub\2526-Grupo03-ChavalesEngine\dependencies\SDLproj\CMakeFiles\5cf6e2459bdff82f5198ed6a4b338e8d\uninstall.rule">
      <Filter>CMake Rules</Filter>
    </CustomBuild>
    <CustomBuild Include="C:\Users\andres\Documents\CLASE\P3\sdl\SDL\CMakeLists.txt" />
  </ItemGroup>
  <ItemGroup>
    <None Include="C:\Users\andres\Documents\GitHub\2526-Grupo03-ChavalesEngine\dependencies\SDLproj\CMakeFiles\uninstall" />
  </ItemGroup>
  <ItemGroup>
    <Filter Include="CMake Rules">
      <UniqueIdentifier>{338B3C71-011E-3653-966C-8B6D0651BC2A}</UniqueIdentifier>
    </Filter>
  </ItemGroup>
</Project>
