
Microsoft Visual Studio Solution File, Format Version 12.00
# Visual Studio Version 17
Project("{8BC9CEB8-8B4A-11D0-8D11-00A0C91BC942}") = "ALL_BUILD", "ALL_BUILD.vcxproj", "{7BF3F854-AAAA-36A8-9C56-84C3BAA5B30E}"
	ProjectSection(ProjectDependencies) = postProject
		{7A9C14E7-E3A1-3EDA-86E0-C9A5A4CBE68E} = {7A9C14E7-E3A1-3EDA-86E0-C9A5A4CBE68E}
		{909D4DB1-5733-3915-A457-36D9014608A5} = {909D4DB1-5733-3915-A457-36D9014608A5}
		{3734F0A4-056F-3583-AC3C-1B5B4AAA10FF} = {3734F0A4-056F-3583-AC3C-1B5B4AAA10FF}
	EndProjectSection
EndProject
Project("{8BC9CEB8-8B4A-11D0-8D11-00A0C91BC942}") = "INSTALL", "INSTALL.vcxproj", "{52335303-E370-3105-B6AD-1286EF70859B}"
	ProjectSection(ProjectDependencies) = postProject
		{7BF3F854-AAAA-36A8-9C56-84C3BAA5B30E} = {7BF3F854-AAAA-36A8-9C56-84C3BAA5B30E}
		{7A9C14E7-E3A1-3EDA-86E0-C9A5A4CBE68E} = {7A9C14E7-E3A1-3EDA-86E0-C9A5A4CBE68E}
	EndProjectSection
EndProject
Project("{8BC9CEB8-8B4A-11D0-8D11-00A0C91BC942}") = "UpdateAssimpLibsDebugSymbolsAndDLLs", "UpdateAssimpLibsDebugSymbolsAndDLLs.vcxproj", "{72EBA9EE-606F-37E0-BAC2-FE792A1EA16B}"
	ProjectSection(ProjectDependencies) = postProject
		{7A9C14E7-E3A1-3EDA-86E0-C9A5A4CBE68E} = {7A9C14E7-E3A1-3EDA-86E0-C9A5A4CBE68E}
	EndProjectSection
EndProject
Project("{8BC9CEB8-8B4A-11D0-8D11-00A0C91BC942}") = "ZERO_CHECK", "ZERO_CHECK.vcxproj", "{7A9C14E7-E3A1-3EDA-86E0-C9A5A4CBE68E}"
	ProjectSection(ProjectDependencies) = postProject
	EndProjectSection
EndProject
Project("{8BC9CEB8-8B4A-11D0-8D11-00A0C91BC942}") = "assimp", "code\assimp.vcxproj", "{909D4DB1-5733-3915-A457-36D9014608A5}"
	ProjectSection(ProjectDependencies) = postProject
		{7A9C14E7-E3A1-3EDA-86E0-C9A5A4CBE68E} = {7A9C14E7-E3A1-3EDA-86E0-C9A5A4CBE68E}
		{3734F0A4-056F-3583-AC3C-1B5B4AAA10FF} = {3734F0A4-056F-3583-AC3C-1B5B4AAA10FF}
	EndProjectSection
EndProject
Project("{8BC9CEB8-8B4A-11D0-8D11-00A0C91BC942}") = "uninstall", "uninstall.vcxproj", "{149DF33B-E35B-3DCA-963C-E0C6D3995842}"
	ProjectSection(ProjectDependencies) = postProject
		{7A9C14E7-E3A1-3EDA-86E0-C9A5A4CBE68E} = {7A9C14E7-E3A1-3EDA-86E0-C9A5A4CBE68E}
	EndProjectSection
EndProject
Project("{8BC9CEB8-8B4A-11D0-8D11-00A0C91BC942}") = "zlibstatic", "contrib\zlib\zlibstatic.vcxproj", "{3734F0A4-056F-3583-AC3C-1B5B4AAA10FF}"
	ProjectSection(ProjectDependencies) = postProject
		{7A9C14E7-E3A1-3EDA-86E0-C9A5A4CBE68E} = {7A9C14E7-E3A1-3EDA-86E0-C9A5A4CBE68E}
	EndProjectSection
EndProject
Global
	GlobalSection(SolutionConfigurationPlatforms) = preSolution
		Debug|x64 = Debug|x64
		Release|x64 = Release|x64
		MinSizeRel|x64 = MinSizeRel|x64
		RelWithDebInfo|x64 = RelWithDebInfo|x64
	EndGlobalSection
	GlobalSection(ProjectConfigurationPlatforms) = postSolution
		{7BF3F854-AAAA-36A8-9C56-84C3BAA5B30E}.Debug|x64.ActiveCfg = Debug|x64
		{7BF3F854-AAAA-36A8-9C56-84C3BAA5B30E}.Debug|x64.Build.0 = Debug|x64
		{7BF3F854-AAAA-36A8-9C56-84C3BAA5B30E}.Release|x64.ActiveCfg = Release|x64
		{7BF3F854-AAAA-36A8-9C56-84C3BAA5B30E}.Release|x64.Build.0 = Release|x64
		{7BF3F854-AAAA-36A8-9C56-84C3BAA5B30E}.MinSizeRel|x64.ActiveCfg = MinSizeRel|x64
		{7BF3F854-AAAA-36A8-9C56-84C3BAA5B30E}.MinSizeRel|x64.Build.0 = MinSizeRel|x64
		{7BF3F854-AAAA-36A8-9C56-84C3BAA5B30E}.RelWithDebInfo|x64.ActiveCfg = RelWithDebInfo|x64
		{7BF3F854-AAAA-36A8-9C56-84C3BAA5B30E}.RelWithDebInfo|x64.Build.0 = RelWithDebInfo|x64
		{52335303-E370-3105-B6AD-1286EF70859B}.Debug|x64.ActiveCfg = Debug|x64
		{52335303-E370-3105-B6AD-1286EF70859B}.Release|x64.ActiveCfg = Release|x64
		{52335303-E370-3105-B6AD-1286EF70859B}.MinSizeRel|x64.ActiveCfg = MinSizeRel|x64
		{52335303-E370-3105-B6AD-1286EF70859B}.RelWithDebInfo|x64.ActiveCfg = RelWithDebInfo|x64
		{72EBA9EE-606F-37E0-BAC2-FE792A1EA16B}.Debug|x64.ActiveCfg = Debug|x64
		{72EBA9EE-606F-37E0-BAC2-FE792A1EA16B}.Release|x64.ActiveCfg = Release|x64
		{72EBA9EE-606F-37E0-BAC2-FE792A1EA16B}.MinSizeRel|x64.ActiveCfg = MinSizeRel|x64
		{72EBA9EE-606F-37E0-BAC2-FE792A1EA16B}.RelWithDebInfo|x64.ActiveCfg = RelWithDebInfo|x64
		{7A9C14E7-E3A1-3EDA-86E0-C9A5A4CBE68E}.Debug|x64.ActiveCfg = Debug|x64
		{7A9C14E7-E3A1-3EDA-86E0-C9A5A4CBE68E}.Debug|x64.Build.0 = Debug|x64
		{7A9C14E7-E3A1-3EDA-86E0-C9A5A4CBE68E}.Release|x64.ActiveCfg = Release|x64
		{7A9C14E7-E3A1-3EDA-86E0-C9A5A4CBE68E}.Release|x64.Build.0 = Release|x64
		{7A9C14E7-E3A1-3EDA-86E0-C9A5A4CBE68E}.MinSizeRel|x64.ActiveCfg = MinSizeRel|x64
		{7A9C14E7-E3A1-3EDA-86E0-C9A5A4CBE68E}.MinSizeRel|x64.Build.0 = MinSizeRel|x64
		{7A9C14E7-E3A1-3EDA-86E0-C9A5A4CBE68E}.RelWithDebInfo|x64.ActiveCfg = RelWithDebInfo|x64
		{7A9C14E7-E3A1-3EDA-86E0-C9A5A4CBE68E}.RelWithDebInfo|x64.Build.0 = RelWithDebInfo|x64
		{909D4DB1-5733-3915-A457-36D9014608A5}.Debug|x64.ActiveCfg = Debug|x64
		{909D4DB1-5733-3915-A457-36D9014608A5}.Debug|x64.Build.0 = Debug|x64
		{909D4DB1-5733-3915-A457-36D9014608A5}.Release|x64.ActiveCfg = Release|x64
		{909D4DB1-5733-3915-A457-36D9014608A5}.Release|x64.Build.0 = Release|x64
		{909D4DB1-5733-3915-A457-36D9014608A5}.MinSizeRel|x64.ActiveCfg = MinSizeRel|x64
		{909D4DB1-5733-3915-A457-36D9014608A5}.MinSizeRel|x64.Build.0 = MinSizeRel|x64
		{909D4DB1-5733-3915-A457-36D9014608A5}.RelWithDebInfo|x64.ActiveCfg = RelWithDebInfo|x64
		{909D4DB1-5733-3915-A457-36D9014608A5}.RelWithDebInfo|x64.Build.0 = RelWithDebInfo|x64
		{149DF33B-E35B-3DCA-963C-E0C6D3995842}.Debug|x64.ActiveCfg = Debug|x64
		{149DF33B-E35B-3DCA-963C-E0C6D3995842}.Release|x64.ActiveCfg = Release|x64
		{149DF33B-E35B-3DCA-963C-E0C6D3995842}.MinSizeRel|x64.ActiveCfg = MinSizeRel|x64
		{149DF33B-E35B-3DCA-963C-E0C6D3995842}.RelWithDebInfo|x64.ActiveCfg = RelWithDebInfo|x64
		{3734F0A4-056F-3583-AC3C-1B5B4AAA10FF}.Debug|x64.ActiveCfg = Debug|x64
		{3734F0A4-056F-3583-AC3C-1B5B4AAA10FF}.Debug|x64.Build.0 = Debug|x64
		{3734F0A4-056F-3583-AC3C-1B5B4AAA10FF}.Release|x64.ActiveCfg = Release|x64
		{3734F0A4-056F-3583-AC3C-1B5B4AAA10FF}.Release|x64.Build.0 = Release|x64
		{3734F0A4-056F-3583-AC3C-1B5B4AAA10FF}.MinSizeRel|x64.ActiveCfg = MinSizeRel|x64
		{3734F0A4-056F-3583-AC3C-1B5B4AAA10FF}.MinSizeRel|x64.Build.0 = MinSizeRel|x64
		{3734F0A4-056F-3583-AC3C-1B5B4AAA10FF}.RelWithDebInfo|x64.ActiveCfg = RelWithDebInfo|x64
		{3734F0A4-056F-3583-AC3C-1B5B4AAA10FF}.RelWithDebInfo|x64.Build.0 = RelWithDebInfo|x64
	EndGlobalSection
	GlobalSection(ExtensibilityGlobals) = postSolution
		SolutionGuid = {3DC91DA2-2570-3064-9C6A-8CFBCC6777B8}
	EndGlobalSection
	GlobalSection(ExtensibilityAddIns) = postSolution
	EndGlobalSection
EndGlobal
