<?xml version="1.0" encoding="utf-8"?>
<Project ToolsVersion="17.0" xmlns="http://schemas.microsoft.com/developer/msbuild/2003">
  <ItemGroup>
    <CustomBuild Include="$(SolutionDir)zlib-1.3.1\CMakeFiles\19662f9069f730cbd1be0d8bc233dc9c\RUN_TESTS_force.rule">
      <Filter>CMake Rules</Filter>
    </CustomBuild>
  </ItemGroup>
  <ItemGroup>
    <Filter Include="CMake Rules">
      <UniqueIdentifier>{4CBA4E3B-4EF3-30BB-A18D-2CB82E43F5F3}</UniqueIdentifier>
    </Filter>
  </ItemGroup>
</Project>
