<?xml version="1.0" encoding="utf-8"?>
<Project ToolsVersion="17.0" xmlns="http://schemas.microsoft.com/developer/msbuild/2003">
  <ItemGroup>
    <ClCompile Include="$(SolutionDir)RenderSystems\GLSupport\src\win32\OgreWin32Context.cpp">
      <Filter>Source Files</Filter>
    </ClCompile>
    <ClCompile Include="$(SolutionDir)RenderSystems\GLSupport\src\win32\OgreWin32GLSupport.cpp">
      <Filter>Source Files</Filter>
    </ClCompile>
    <ClCompile Include="$(SolutionDir)RenderSystems\GLSupport\src\win32\OgreWin32RenderTexture.cpp">
      <Filter>Source Files</Filter>
    </ClCompile>
    <ClCompile Include="$(SolutionDir)RenderSystems\GLSupport\src\win32\OgreWin32Window.cpp">
      <Filter>Source Files</Filter>
    </ClCompile>
    <ClCompile Include="$(SolutionDir)RenderSystems\GLSupport\src\GLSL\OgreGLSLPreprocessor.cpp">
      <Filter>Source Files</Filter>
    </ClCompile>
    <ClCompile Include="$(SolutionDir)RenderSystems\GLSupport\src\GLSL\OgreGLSLProgramCommon.cpp">
      <Filter>Source Files</Filter>
    </ClCompile>
    <ClCompile Include="$(SolutionDir)RenderSystems\GLSupport\src\GLSL\OgreGLSLProgramManagerCommon.cpp">
      <Filter>Source Files</Filter>
    </ClCompile>
    <ClCompile Include="$(SolutionDir)RenderSystems\GLSupport\src\GLSL\OgreGLSLShaderCommon.cpp">
      <Filter>Source Files</Filter>
    </ClCompile>
    <ClCompile Include="$(SolutionDir)RenderSystems\GLSupport\src\OgreGLRenderSystemCommon.cpp">
      <Filter>Source Files</Filter>
    </ClCompile>
    <ClCompile Include="$(SolutionDir)RenderSystems\GLSupport\src\OgreGLTextureCommon.cpp">
      <Filter>Source Files</Filter>
    </ClCompile>
    <ClCompile Include="$(SolutionDir)RenderSystems\GLSupport\src\OgreGLDepthBufferCommon.cpp">
      <Filter>Source Files</Filter>
    </ClCompile>
    <ClCompile Include="$(SolutionDir)RenderSystems\GLSupport\src\OgreGLRenderTexture.cpp">
      <Filter>Source Files</Filter>
    </ClCompile>
    <ClCompile Include="$(SolutionDir)RenderSystems\GLSupport\src\OgreGLMultiRenderTarget.cpp">
      <Filter>Source Files</Filter>
    </ClCompile>
    <ClCompile Include="$(SolutionDir)RenderSystems\GLSupport\src\OgreGLRenderToVertexBufferCommon.cpp">
      <Filter>Source Files</Filter>
    </ClCompile>
    <ClCompile Include="$(SolutionDir)RenderSystems\GLSupport\src\OgreGLHardwarePixelBufferCommon.cpp">
      <Filter>Source Files</Filter>
    </ClCompile>
    <ClCompile Include="$(SolutionDir)RenderSystems\GLSupport\src\OgreGLUniformCache.cpp">
      <Filter>Source Files</Filter>
    </ClCompile>
    <ClCompile Include="$(SolutionDir)RenderSystems\GLSupport\src\OgreGLVertexArrayObject.cpp">
      <Filter>Source Files</Filter>
    </ClCompile>
    <ClCompile Include="$(SolutionDir)RenderSystems\GLSupport\src\OgreGLWindow.cpp">
      <Filter>Source Files</Filter>
    </ClCompile>
  </ItemGroup>
  <ItemGroup>
    <ClInclude Include="$(SolutionDir)RenderSystems\GLSupport\include\OgreGLContext.h">
      <Filter>Header Files</Filter>
    </ClInclude>
    <ClInclude Include="$(SolutionDir)RenderSystems\GLSupport\include\OgreGLDepthBufferCommon.h">
      <Filter>Header Files</Filter>
    </ClInclude>
    <ClInclude Include="$(SolutionDir)RenderSystems\GLSupport\include\OgreGLHardwarePixelBufferCommon.h">
      <Filter>Header Files</Filter>
    </ClInclude>
    <ClInclude Include="$(SolutionDir)RenderSystems\GLSupport\include\OgreGLMultiRenderTarget.h">
      <Filter>Header Files</Filter>
    </ClInclude>
    <ClInclude Include="$(SolutionDir)RenderSystems\GLSupport\include\OgreGLNativeSupport.h">
      <Filter>Header Files</Filter>
    </ClInclude>
    <ClInclude Include="$(SolutionDir)RenderSystems\GLSupport\include\OgreGLPBuffer.h">
      <Filter>Header Files</Filter>
    </ClInclude>
    <ClInclude Include="$(SolutionDir)RenderSystems\GLSupport\include\OgreGLRenderSystemCommon.h">
      <Filter>Header Files</Filter>
    </ClInclude>
    <ClInclude Include="$(SolutionDir)RenderSystems\GLSupport\include\OgreGLRenderTarget.h">
      <Filter>Header Files</Filter>
    </ClInclude>
    <ClInclude Include="$(SolutionDir)RenderSystems\GLSupport\include\OgreGLRenderTexture.h">
      <Filter>Header Files</Filter>
    </ClInclude>
    <ClInclude Include="$(SolutionDir)RenderSystems\GLSupport\include\OgreGLRenderToVertexBufferCommon.h">
      <Filter>Header Files</Filter>
    </ClInclude>
    <ClInclude Include="$(SolutionDir)RenderSystems\GLSupport\include\OgreGLStateCacheManagerCommon.h">
      <Filter>Header Files</Filter>
    </ClInclude>
    <ClInclude Include="$(SolutionDir)RenderSystems\GLSupport\include\OgreGLTextureCommon.h">
      <Filter>Header Files</Filter>
    </ClInclude>
    <ClInclude Include="$(SolutionDir)RenderSystems\GLSupport\include\OgreGLUniformCache.h">
      <Filter>Header Files</Filter>
    </ClInclude>
    <ClInclude Include="$(SolutionDir)RenderSystems\GLSupport\include\OgreGLUtil.h">
      <Filter>Header Files</Filter>
    </ClInclude>
    <ClInclude Include="$(SolutionDir)RenderSystems\GLSupport\include\OgreGLVertexArrayObject.h">
      <Filter>Header Files</Filter>
    </ClInclude>
    <ClInclude Include="$(SolutionDir)RenderSystems\GLSupport\include\OgreGLWindow.h">
      <Filter>Header Files</Filter>
    </ClInclude>
    <ClInclude Include="$(SolutionDir)RenderSystems\GLSupport\include\win32\OgreWin32Context.h">
      <Filter>Header Files</Filter>
    </ClInclude>
    <ClInclude Include="$(SolutionDir)RenderSystems\GLSupport\include\win32\OgreWin32GLSupport.h">
      <Filter>Header Files</Filter>
    </ClInclude>
    <ClInclude Include="$(SolutionDir)RenderSystems\GLSupport\include\win32\OgreWin32Prerequisites.h">
      <Filter>Header Files</Filter>
    </ClInclude>
    <ClInclude Include="$(SolutionDir)RenderSystems\GLSupport\include\win32\OgreWin32RenderTexture.h">
      <Filter>Header Files</Filter>
    </ClInclude>
    <ClInclude Include="$(SolutionDir)RenderSystems\GLSupport\include\win32\OgreWin32Window.h">
      <Filter>Header Files</Filter>
    </ClInclude>
  </ItemGroup>
  <ItemGroup>
    <Filter Include="Header Files">
      <UniqueIdentifier>{AF67EFFD-F2A6-3CAC-92A7-70B085D3BEED}</UniqueIdentifier>
    </Filter>
    <Filter Include="Source Files">
      <UniqueIdentifier>{D0DFF2F0-73BD-35EC-8037-C4E8B3DC9FC2}</UniqueIdentifier>
    </Filter>
  </ItemGroup>
</Project>
